
Microsoft Visual Studio Solution File, Format Version 12.00
Project("{FAE04EC0-301F-11D3-BF4B-00C04F79EFBC}") = "Task2", "Task2\Task2.csproj", "{C391EB7E-240A-4688-A42D-2C758EC94624}"
EndProject
Project("{FAE04EC0-301F-11D3-BF4B-00C04F79EFBC}") = "Task3", "Task3\Task3.csproj", "{2B7A9962-711C-4EC5-BCA6-083CCF79C2D8}"
EndProject
Project("{FAE04EC0-301F-11D3-BF4B-00C04F79EFBC}") = "Task5", "Task5\Task5.csproj", "{F20ECBF0-23BA-40D8-A9C7-90BCDA900672}"
EndProject
Global
	GlobalSection(SolutionConfigurationPlatforms) = preSolution
		Debug|Any CPU = Debug|Any CPU
		Release|Any CPU = Release|Any CPU
	EndGlobalSection
	GlobalSection(ProjectConfigurationPlatforms) = postSolution
		{C391EB7E-240A-4688-A42D-2C758EC94624}.Debug|Any CPU.ActiveCfg = Debug|Any CPU
		{C391EB7E-240A-4688-A42D-2C758EC94624}.Debug|Any CPU.Build.0 = Debug|Any CPU
		{C391EB7E-240A-4688-A42D-2C758EC94624}.Release|Any CPU.ActiveCfg = Release|Any CPU
		{C391EB7E-240A-4688-A42D-2C758EC94624}.Release|Any CPU.Build.0 = Release|Any CPU
		{2B7A9962-711C-4EC5-BCA6-083CCF79C2D8}.Debug|Any CPU.ActiveCfg = Debug|Any CPU
		{2B7A9962-711C-4EC5-BCA6-083CCF79C2D8}.Debug|Any CPU.Build.0 = Debug|Any CPU
		{2B7A9962-711C-4EC5-BCA6-083CCF79C2D8}.Release|Any CPU.ActiveCfg = Release|Any CPU
		{2B7A9962-711C-4EC5-BCA6-083CCF79C2D8}.Release|Any CPU.Build.0 = Release|Any CPU
		{F20ECBF0-23BA-40D8-A9C7-90BCDA900672}.Debug|Any CPU.ActiveCfg = Debug|Any CPU
		{F20ECBF0-23BA-40D8-A9C7-90BCDA900672}.Debug|Any CPU.Build.0 = Debug|Any CPU
		{F20ECBF0-23BA-40D8-A9C7-90BCDA900672}.Release|Any CPU.ActiveCfg = Release|Any CPU
		{F20ECBF0-23BA-40D8-A9C7-90BCDA900672}.Release|Any CPU.Build.0 = Release|Any CPU
	EndGlobalSection
EndGlobal
